{
  "name": "my-turborepo",
  "lockfileVersion": 3,
  "requires": true,
  "packages": {
    "": {
      "name": "my-turborepo",
      "workspaces": [
        "apps/*",
        "packages/*"
      ],
      "devDependencies": {
        "turbo": "^2.9.15-canary.8"
      }
    },
    "apps/app-a": {
      "dependencies": {
        "pkg-a": "*",
        "tooling-config": "*"
      }
    },
    "apps/app-b": {
      "dependencies": {
        "tooling-config": "*"
      }
    },
    "node_modules/@turbo/darwin-64": {
      "version": "2.9.15-canary.8",
      "resolved": "https://verdaccio.speedernet.io/@turbo/darwin-64/-/darwin-64-2.9.15-canary.8.tgz",
      "integrity": "sha512-nEobNv9fx8j+Xx5V4cDoCAum1icGH9IXIcXDxvpNkHphQFxtlJIY1rmQ2I2Einr6FydgvUM240ipohFZfvmzQw==",
      "cpu": [
        "x64"
      ],
      "dev": true,
      "license": "MIT",
      "optional": true,
      "os": [
        "darwin"
      ]
    },
    "node_modules/@turbo/darwin-arm64": {
      "version": "2.9.15-canary.8",
      "resolved": "https://verdaccio.speedernet.io/@turbo/darwin-arm64/-/darwin-arm64-2.9.15-canary.8.tgz",
      "integrity": "sha512-zfY1pAH/qV93uzs0mF/WS7af2cHeXGiNe1mlXUB7H8lvCAZHgUgM4Mdx8r5cGP/J+y+YAGBU2J1RhgYtM/cVSw==",
      "cpu": [
        "arm64"
      ],
      "dev": true,
      "license": "MIT",
      "optional": true,
      "os": [
        "darwin"
      ]
    },
    "node_modules/@turbo/linux-64": {
      "version": "2.9.15-canary.8",
      "resolved": "https://verdaccio.speedernet.io/@turbo/linux-64/-/linux-64-2.9.15-canary.8.tgz",
      "integrity": "sha512-SDcAR45z/E8qYZxrywDh8iIT7D3zoXSUdgUs6tfipI8u8LudQc/sARa3WfTl1rZq6nSnqQHZJHMY1xt1vomYuA==",
      "cpu": [
        "x64"
      ],
      "dev": true,
      "license": "MIT",
      "optional": true,
      "os": [
        "linux"
      ]
    },
    "node_modules/@turbo/linux-arm64": {
      "version": "2.9.15-canary.8",
      "resolved": "https://verdaccio.speedernet.io/@turbo/linux-arm64/-/linux-arm64-2.9.15-canary.8.tgz",
      "integrity": "sha512-XEutjS9ysAlWEF8IKpP4oEztd06jLpaSgs/YnIfs3Vhge+kCGw8jrP6jZ/9LA4bev/lXN2Bt2n8lL4g4jeXkLQ==",
      "cpu": [
        "arm64"
      ],
      "dev": true,
      "license": "MIT",
      "optional": true,
      "os": [
        "linux"
      ]
    },
    "node_modules/@turbo/windows-64": {
      "version": "2.9.15-canary.8",
      "resolved": "https://verdaccio.speedernet.io/@turbo/windows-64/-/windows-64-2.9.15-canary.8.tgz",
      "integrity": "sha512-mamSbGZZ624IrvisImmwIIfRHGkR173Qqo8UbmH/E1dmdHvz/SLcP79zsyKJoR8+wLJ3mJddBZ3BZ9T/yXkoKQ==",
      "cpu": [
        "x64"
      ],
      "dev": true,
      "license": "MIT",
      "optional": true,
      "os": [
        "win32"
      ]
    },
    "node_modules/@turbo/windows-arm64": {
      "version": "2.9.15-canary.8",
      "resolved": "https://verdaccio.speedernet.io/@turbo/windows-arm64/-/windows-arm64-2.9.15-canary.8.tgz",
      "integrity": "sha512-PrTg6cyv/NuIsF3okuh2BAH8dmuHV2O3ZhlduTCV5a0OBh8+zqz48BvzeZzoFOQfojdPjZZcKOIFvtRsMBqr+Q==",
      "cpu": [
        "arm64"
      ],
      "dev": true,
      "license": "MIT",
      "optional": true,
      "os": [
        "win32"
      ]
    },
    "node_modules/app-a": {
      "resolved": "apps/app-a",
      "link": true
    },
    "node_modules/app-b": {
      "resolved": "apps/app-b",
      "link": true
    },
    "node_modules/pkg-a": {
      "resolved": "packages/pkg-a",
      "link": true
    },
    "node_modules/pkg-b": {
      "resolved": "packages/pkg-b",
      "link": true
    },
    "node_modules/tooling-config": {
      "resolved": "packages/tooling-config",
      "link": true
    },
    "node_modules/turbo": {
      "version": "2.9.15-canary.8",
      "resolved": "https://verdaccio.speedernet.io/turbo/-/turbo-2.9.15-canary.8.tgz",
      "integrity": "sha512-c3QyX8gWOypkupgpa1y3xPN0fe6/qwdM9TfbRJwalJ2Vw9v40WtVZoD/uiFZKaZxC+RnVfctCMIQ5dbmnKqNXg==",
      "dev": true,
      "license": "MIT",
      "bin": {
        "turbo": "bin/turbo"
      },
      "optionalDependencies": {
        "@turbo/darwin-64": "2.9.15-canary.8",
        "@turbo/darwin-arm64": "2.9.15-canary.8",
        "@turbo/linux-64": "2.9.15-canary.8",
        "@turbo/linux-arm64": "2.9.15-canary.8",
        "@turbo/windows-64": "2.9.15-canary.8",
        "@turbo/windows-arm64": "2.9.15-canary.8"
      }
    },
    "packages/pkg-a": {
      "dependencies": {
        "tooling-config": "*"
      }
    },
    "packages/pkg-b": {
      "dependencies": {
        "tooling-config": "*"
      }
    },
    "packages/tooling-config": {}
  }
}
