{
  "name": "my-turborepo",
  "lockfileVersion": 3,
  "requires": true,
  "packages": {
    "": {
      "name": "my-turborepo",
      "workspaces": [
        "apps/*",
        "packages/*"
      ],
      "devDependencies": {
        "turbo": "^2.9.7-canary.13"
      }
    },
    "apps/app-a": {
      "dependencies": {
        "pkg-a": "*",
        "tooling-config": "*"
      }
    },
    "apps/app-b": {
      "dependencies": {
        "tooling-config": "*"
      }
    },
    "node_modules/@turbo/darwin-64": {
      "version": "2.9.7-canary.13",
      "resolved": "https://verdaccio.speedernet.io/@turbo/darwin-64/-/darwin-64-2.9.7-canary.13.tgz",
      "integrity": "sha512-pulQov7uU2xf+MTgsILmUS/6XqRgcr4pHZKPahB8ykLxwTv7Sm96CuBcoIsFJBisVuZiKTchD/ESpIEnHa7hZw==",
      "cpu": [
        "x64"
      ],
      "dev": true,
      "license": "MIT",
      "optional": true,
      "os": [
        "darwin"
      ]
    },
    "node_modules/@turbo/darwin-arm64": {
      "version": "2.9.7-canary.13",
      "resolved": "https://verdaccio.speedernet.io/@turbo/darwin-arm64/-/darwin-arm64-2.9.7-canary.13.tgz",
      "integrity": "sha512-gu5o2pfRxosbEWIGB/NV3hZscZD9rCx+cOXgifmpj2EQz/Z4m7I0Ei56wxvu4zvwe3n4Nc8u1gnfgV0KIKg7mA==",
      "cpu": [
        "arm64"
      ],
      "dev": true,
      "license": "MIT",
      "optional": true,
      "os": [
        "darwin"
      ]
    },
    "node_modules/@turbo/linux-64": {
      "version": "2.9.7-canary.13",
      "resolved": "https://verdaccio.speedernet.io/@turbo/linux-64/-/linux-64-2.9.7-canary.13.tgz",
      "integrity": "sha512-Fj4p3ag2/us0kUFKzPuzROrpkvEBUm0eCmBZc6fz1zrOCxDLmTIZgFhuALwaXSoAPrOLmvEXsyix2QSjr8rpnA==",
      "cpu": [
        "x64"
      ],
      "dev": true,
      "license": "MIT",
      "optional": true,
      "os": [
        "linux"
      ]
    },
    "node_modules/@turbo/linux-arm64": {
      "version": "2.9.7-canary.13",
      "resolved": "https://verdaccio.speedernet.io/@turbo/linux-arm64/-/linux-arm64-2.9.7-canary.13.tgz",
      "integrity": "sha512-sIfSFEQnDu7HrRMQw6ums8QZ+D3AXOBHnqvXuJokUZLomUHuYJ6NgojwcbpcTPArZcocps3TAh6rkXoK3HCI6w==",
      "cpu": [
        "arm64"
      ],
      "dev": true,
      "license": "MIT",
      "optional": true,
      "os": [
        "linux"
      ]
    },
    "node_modules/@turbo/windows-64": {
      "version": "2.9.7-canary.13",
      "resolved": "https://verdaccio.speedernet.io/@turbo/windows-64/-/windows-64-2.9.7-canary.13.tgz",
      "integrity": "sha512-H31623cv3a/jpVnp6oqog/R4j4FSW0lc+p1vK3OaODhyi6LyQ3kE5a2HNCCRpz0YivsNyhKYcrOED3mtpRvhiw==",
      "cpu": [
        "x64"
      ],
      "dev": true,
      "license": "MIT",
      "optional": true,
      "os": [
        "win32"
      ]
    },
    "node_modules/@turbo/windows-arm64": {
      "version": "2.9.7-canary.13",
      "resolved": "https://verdaccio.speedernet.io/@turbo/windows-arm64/-/windows-arm64-2.9.7-canary.13.tgz",
      "integrity": "sha512-LNQRgBeskZ5LcQF5POGMwC5UMkZ3KppfVfwvJXyX6N3rCaqxl3+U8SOg1YXSdlcp5lGIBXHGynPvJDfSM02XTQ==",
      "cpu": [
        "arm64"
      ],
      "dev": true,
      "license": "MIT",
      "optional": true,
      "os": [
        "win32"
      ]
    },
    "node_modules/app-a": {
      "resolved": "apps/app-a",
      "link": true
    },
    "node_modules/app-b": {
      "resolved": "apps/app-b",
      "link": true
    },
    "node_modules/pkg-a": {
      "resolved": "packages/pkg-a",
      "link": true
    },
    "node_modules/pkg-b": {
      "resolved": "packages/pkg-b",
      "link": true
    },
    "node_modules/tooling-config": {
      "resolved": "packages/tooling-config",
      "link": true
    },
    "node_modules/turbo": {
      "version": "2.9.7-canary.13",
      "resolved": "https://verdaccio.speedernet.io/turbo/-/turbo-2.9.7-canary.13.tgz",
      "integrity": "sha512-iGbchCaHRg4Q7Q/tWxYmsHcSBgVJu5YPR9voBE3CwwmdbYGAxKOv0tmJC9i0u3cTHzAalYqfXJmOsuXCl9SVoA==",
      "dev": true,
      "license": "MIT",
      "bin": {
        "turbo": "bin/turbo"
      },
      "optionalDependencies": {
        "@turbo/darwin-64": "2.9.7-canary.13",
        "@turbo/darwin-arm64": "2.9.7-canary.13",
        "@turbo/linux-64": "2.9.7-canary.13",
        "@turbo/linux-arm64": "2.9.7-canary.13",
        "@turbo/windows-64": "2.9.7-canary.13",
        "@turbo/windows-arm64": "2.9.7-canary.13"
      }
    },
    "packages/pkg-a": {
      "dependencies": {
        "tooling-config": "*"
      }
    },
    "packages/pkg-b": {
      "dependencies": {
        "tooling-config": "*"
      }
    },
    "packages/tooling-config": {}
  }
}
