{
  "name": "my-turborepo",
  "lockfileVersion": 3,
  "requires": true,
  "packages": {
    "": {
      "name": "my-turborepo",
      "workspaces": [
        "apps/*",
        "packages/*"
      ],
      "devDependencies": {
        "turbo": "2.9.19-canary.7"
      }
    },
    "apps/app-a": {
      "dependencies": {
        "pkg-a": "*",
        "tooling-config": "*"
      }
    },
    "apps/app-b": {
      "dependencies": {
        "tooling-config": "*"
      }
    },
    "node_modules/@turbo/darwin-64": {
      "version": "2.9.19-canary.7",
      "resolved": "https://verdaccio.speedernet.io/@turbo/darwin-64/-/darwin-64-2.9.19-canary.7.tgz",
      "integrity": "sha512-LLXbrB41eDuwef9br3+vmszwQcSYhZrvMuCS3GfYdir2NM4mvomYuq/FevFbpXzsDkdS0zKzJk1h4ED6ESYLdw==",
      "cpu": [
        "x64"
      ],
      "dev": true,
      "license": "MIT",
      "optional": true,
      "os": [
        "darwin"
      ]
    },
    "node_modules/@turbo/darwin-arm64": {
      "version": "2.9.19-canary.7",
      "resolved": "https://verdaccio.speedernet.io/@turbo/darwin-arm64/-/darwin-arm64-2.9.19-canary.7.tgz",
      "integrity": "sha512-15/sYiR8UCdJf6tt/m8JSUM65tYqedrXMpqFrJisQWmk0XaUn98hPcnLxJrNx4mLgSDxiKnFJfq+edF7LKlVXg==",
      "cpu": [
        "arm64"
      ],
      "dev": true,
      "license": "MIT",
      "optional": true,
      "os": [
        "darwin"
      ]
    },
    "node_modules/@turbo/linux-64": {
      "version": "2.9.19-canary.7",
      "resolved": "https://verdaccio.speedernet.io/@turbo/linux-64/-/linux-64-2.9.19-canary.7.tgz",
      "integrity": "sha512-nISoZVsNUnDsfb2sOSjLioId0lwdAiWDVInV92lbrnIvJtYxyEizLNyuWEClQ2zoDy3YSVrDkb+1TDyjvctvHA==",
      "cpu": [
        "x64"
      ],
      "dev": true,
      "license": "MIT",
      "optional": true,
      "os": [
        "linux"
      ]
    },
    "node_modules/@turbo/linux-arm64": {
      "version": "2.9.19-canary.7",
      "resolved": "https://verdaccio.speedernet.io/@turbo/linux-arm64/-/linux-arm64-2.9.19-canary.7.tgz",
      "integrity": "sha512-M7G5DvSP1zeNQzxMVdDZGNki7v2WN3vR+YKdYQXXkWzHIBF1/0t73tSh96DH7qoATC5Ay9ws6mga00ThMrvY/w==",
      "cpu": [
        "arm64"
      ],
      "dev": true,
      "license": "MIT",
      "optional": true,
      "os": [
        "linux"
      ]
    },
    "node_modules/@turbo/windows-64": {
      "version": "2.9.19-canary.7",
      "resolved": "https://verdaccio.speedernet.io/@turbo/windows-64/-/windows-64-2.9.19-canary.7.tgz",
      "integrity": "sha512-iLqHXPRhKkAiUy1mJqDz90sahOKuPTkJRwuRYvTCjkZ6zyfjI9VXPa6NNTAE+wAq4zQ64roJ/5LXnOmvC4DjFA==",
      "cpu": [
        "x64"
      ],
      "dev": true,
      "license": "MIT",
      "optional": true,
      "os": [
        "win32"
      ]
    },
    "node_modules/@turbo/windows-arm64": {
      "version": "2.9.19-canary.7",
      "resolved": "https://verdaccio.speedernet.io/@turbo/windows-arm64/-/windows-arm64-2.9.19-canary.7.tgz",
      "integrity": "sha512-ZcXCyk2CzZ5H7LHE0hW1ljKdyTGsiuSKOg2Yi67IsnYFnip/llPge2qq0cg5t6JsYQv1tefWnXhApwNghIltTw==",
      "cpu": [
        "arm64"
      ],
      "dev": true,
      "license": "MIT",
      "optional": true,
      "os": [
        "win32"
      ]
    },
    "node_modules/app-a": {
      "resolved": "apps/app-a",
      "link": true
    },
    "node_modules/app-b": {
      "resolved": "apps/app-b",
      "link": true
    },
    "node_modules/pkg-a": {
      "resolved": "packages/pkg-a",
      "link": true
    },
    "node_modules/pkg-b": {
      "resolved": "packages/pkg-b",
      "link": true
    },
    "node_modules/tooling-config": {
      "resolved": "packages/tooling-config",
      "link": true
    },
    "node_modules/turbo": {
      "version": "2.9.19-canary.7",
      "resolved": "https://verdaccio.speedernet.io/turbo/-/turbo-2.9.19-canary.7.tgz",
      "integrity": "sha512-nnQrFtJoSyqZIMMvlsw/enmBa3mWMB84jnRlS2vWtJV8fXvvx2Rm9j6DCyXWxxr+Z9x/xhHPBTjjgCQHrpe4eg==",
      "dev": true,
      "license": "MIT",
      "bin": {
        "turbo": "bin/turbo"
      },
      "optionalDependencies": {
        "@turbo/darwin-64": "2.9.19-canary.7",
        "@turbo/darwin-arm64": "2.9.19-canary.7",
        "@turbo/linux-64": "2.9.19-canary.7",
        "@turbo/linux-arm64": "2.9.19-canary.7",
        "@turbo/windows-64": "2.9.19-canary.7",
        "@turbo/windows-arm64": "2.9.19-canary.7"
      }
    },
    "packages/pkg-a": {
      "dependencies": {
        "tooling-config": "*"
      }
    },
    "packages/pkg-b": {
      "dependencies": {
        "tooling-config": "*"
      }
    },
    "packages/tooling-config": {}
  }
}
